// !$*UTF8*$!
{
	archiveVersion = 1;
	classes = {
	};
	objectVersion = 46;
	objects = {

/* Begin PBXBuildFile section */
		1DAE5459A1EF743C9F86F82F /* Pods_FocusUITests.framework in Frameworks */ = {isa = PBXBuildFile; fileRef = F621E9504C8820C41E0D4772 /* Pods_FocusUITests.framework */; };
		3F5F943C80BADB415495D38B /* Pods_FocusTests.framework in Frameworks */ = {isa = PBXBuildFile; fileRef = CDD2A52A445583115F1F74B7 /* Pods_FocusTests.framework */; };
		50DF2C551D10D185008CFA94 /* AppDelegate.swift in Sources */ = {isa = PBXBuildFile; fileRef = 50DF2C541D10D185008CFA94 /* AppDelegate.swift */; };
		50DF2C571D10D185008CFA94 /* ViewController.swift in Sources */ = {isa = PBXBuildFile; fileRef = 50DF2C561D10D185008CFA94 /* ViewController.swift */; };
		50DF2C5A1D10D185008CFA94 /* Scott.storyboard in Resources */ = {isa = PBXBuildFile; fileRef = 50DF2C581D10D185008CFA94 /* Scott.storyboard */; };
		50DF2C5C1D10D185008CFA94 /* Assets.xcassets in Resources */ = {isa = PBXBuildFile; fileRef = 50DF2C5B1D10D185008CFA94 /* Assets.xcassets */; };
		50DF2C5F1D10D185008CFA94 /* LaunchScreen.storyboard in Resources */ = {isa = PBXBuildFile; fileRef = 50DF2C5D1D10D185008CFA94 /* LaunchScreen.storyboard */; };
		50DF2C6A1D10D185008CFA94 /* FocusTests.swift in Sources */ = {isa = PBXBuildFile; fileRef = 50DF2C691D10D185008CFA94 /* FocusTests.swift */; };
		50DF2C751D10D185008CFA94 /* FocusUITests.swift in Sources */ = {isa = PBXBuildFile; fileRef = 50DF2C741D10D185008CFA94 /* FocusUITests.swift */; };
		50DF2C831D10D22D008CFA94 /* ScottDayViewController.swift in Sources */ = {isa = PBXBuildFile; fileRef = 50DF2C821D10D22D008CFA94 /* ScottDayViewController.swift */; };
		50DF2C8E1D10D6CD008CFA94 /* BaseTransition.swift in Sources */ = {isa = PBXBuildFile; fileRef = 50DF2C8C1D10D6CD008CFA94 /* BaseTransition.swift */; };
		50DF2C8F1D10D6CD008CFA94 /* FadeTransition.swift in Sources */ = {isa = PBXBuildFile; fileRef = 50DF2C8D1D10D6CD008CFA94 /* FadeTransition.swift */; };
		50DF2C921D111B91008CFA94 /* Date.swift in Sources */ = {isa = PBXBuildFile; fileRef = 50DF2C911D111B91008CFA94 /* Date.swift */; };
		50F447DA1D13A5420072916E /* Main.storyboard in Resources */ = {isa = PBXBuildFile; fileRef = 50F447D91D13A5420072916E /* Main.storyboard */; };
		50F447DC1D13A5F20072916E /* DayViewController.swift in Sources */ = {isa = PBXBuildFile; fileRef = 50F447DB1D13A5F20072916E /* DayViewController.swift */; };
		50F447DE1D13A5F80072916E /* TasksViewController.swift in Sources */ = {isa = PBXBuildFile; fileRef = 50F447DD1D13A5F80072916E /* TasksViewController.swift */; };
		7C648F741D1866F900F4120A /* Bolts.framework in Frameworks */ = {isa = PBXBuildFile; fileRef = 7C648F731D1866F900F4120A /* Bolts.framework */; };
		B05E5DB7FDBBFBDDB627B59F /* Pods_Focus.framework in Frameworks */ = {isa = PBXBuildFile; fileRef = C61DC6FCE25D7606C718190B /* Pods_Focus.framework */; };
/* End PBXBuildFile section */

/* Begin PBXContainerItemProxy section */
		50DF2C661D10D185008CFA94 /* PBXContainerItemProxy */ = {
			isa = PBXContainerItemProxy;
			containerPortal = 50DF2C491D10D185008CFA94 /* Project object */;
			proxyType = 1;
			remoteGlobalIDString = 50DF2C501D10D185008CFA94;
			remoteInfo = Focus;
		};
		50DF2C711D10D185008CFA94 /* PBXContainerItemProxy */ = {
			isa = PBXContainerItemProxy;
			containerPortal = 50DF2C491D10D185008CFA94 /* Project object */;
			proxyType = 1;
			remoteGlobalIDString = 50DF2C501D10D185008CFA94;
			remoteInfo = Focus;
		};
/* End PBXContainerItemProxy section */

/* Begin PBXFileReference section */
		1FC4C0F44DB03B8E973C34B6 /* Pods-FocusTests.release.xcconfig */ = {isa = PBXFileReference; includeInIndex = 1; lastKnownFileType = text.xcconfig; name = "Pods-FocusTests.release.xcconfig"; path = "Pods/Target Support Files/Pods-FocusTests/Pods-FocusTests.release.xcconfig"; sourceTree = "<group>"; };
		50DF2C511D10D185008CFA94 /* Focus.app */ = {isa = PBXFileReference; explicitFileType = wrapper.application; includeInIndex = 0; path = Focus.app; sourceTree = BUILT_PRODUCTS_DIR; };
		50DF2C541D10D185008CFA94 /* AppDelegate.swift */ = {isa = PBXFileReference; lastKnownFileType = sourcecode.swift; path = AppDelegate.swift; sourceTree = "<group>"; };
		50DF2C561D10D185008CFA94 /* ViewController.swift */ = {isa = PBXFileReference; lastKnownFileType = sourcecode.swift; path = ViewController.swift; sourceTree = "<group>"; };
		50DF2C591D10D185008CFA94 /* Base */ = {isa = PBXFileReference; lastKnownFileType = file.storyboard; name = Base; path = Base.lproj/Scott.storyboard; sourceTree = "<group>"; };
		50DF2C5B1D10D185008CFA94 /* Assets.xcassets */ = {isa = PBXFileReference; lastKnownFileType = folder.assetcatalog; path = Assets.xcassets; sourceTree = "<group>"; };
		50DF2C5E1D10D185008CFA94 /* Base */ = {isa = PBXFileReference; lastKnownFileType = file.storyboard; name = Base; path = Base.lproj/LaunchScreen.storyboard; sourceTree = "<group>"; };
		50DF2C601D10D185008CFA94 /* Info.plist */ = {isa = PBXFileReference; lastKnownFileType = text.plist.xml; path = Info.plist; sourceTree = "<group>"; };
		50DF2C651D10D185008CFA94 /* FocusTests.xctest */ = {isa = PBXFileReference; explicitFileType = wrapper.cfbundle; includeInIndex = 0; path = FocusTests.xctest; sourceTree = BUILT_PRODUCTS_DIR; };
		50DF2C691D10D185008CFA94 /* FocusTests.swift */ = {isa = PBXFileReference; lastKnownFileType = sourcecode.swift; path = FocusTests.swift; sourceTree = "<group>"; };
		50DF2C6B1D10D185008CFA94 /* Info.plist */ = {isa = PBXFileReference; lastKnownFileType = text.plist.xml; path = Info.plist; sourceTree = "<group>"; };
		50DF2C701D10D185008CFA94 /* FocusUITests.xctest */ = {isa = PBXFileReference; explicitFileType = wrapper.cfbundle; includeInIndex = 0; path = FocusUITests.xctest; sourceTree = BUILT_PRODUCTS_DIR; };
		50DF2C741D10D185008CFA94 /* FocusUITests.swift */ = {isa = PBXFileReference; lastKnownFileType = sourcecode.swift; path = FocusUITests.swift; sourceTree = "<group>"; };
		50DF2C761D10D185008CFA94 /* Info.plist */ = {isa = PBXFileReference; lastKnownFileType = text.plist.xml; path = Info.plist; sourceTree = "<group>"; };
		50DF2C821D10D22D008CFA94 /* ScottDayViewController.swift */ = {isa = PBXFileReference; fileEncoding = 4; lastKnownFileType = sourcecode.swift; path = ScottDayViewController.swift; sourceTree = "<group>"; };
		50DF2C8C1D10D6CD008CFA94 /* BaseTransition.swift */ = {isa = PBXFileReference; fileEncoding = 4; lastKnownFileType = sourcecode.swift; path = BaseTransition.swift; sourceTree = "<group>"; };
		50DF2C8D1D10D6CD008CFA94 /* FadeTransition.swift */ = {isa = PBXFileReference; fileEncoding = 4; lastKnownFileType = sourcecode.swift; path = FadeTransition.swift; sourceTree = "<group>"; };
		50DF2C911D111B91008CFA94 /* Date.swift */ = {isa = PBXFileReference; fileEncoding = 4; lastKnownFileType = sourcecode.swift; path = Date.swift; sourceTree = "<group>"; };
		50F447D91D13A5420072916E /* Main.storyboard */ = {isa = PBXFileReference; fileEncoding = 4; lastKnownFileType = file.storyboard; path = Main.storyboard; sourceTree = "<group>"; };
		50F447DB1D13A5F20072916E /* DayViewController.swift */ = {isa = PBXFileReference; fileEncoding = 4; lastKnownFileType = sourcecode.swift; path = DayViewController.swift; sourceTree = "<group>"; };
		50F447DD1D13A5F80072916E /* TasksViewController.swift */ = {isa = PBXFileReference; fileEncoding = 4; lastKnownFileType = sourcecode.swift; path = TasksViewController.swift; sourceTree = "<group>"; };
		67DC47FCC058A7598212D5CE /* Pods-FocusUITests.release.xcconfig */ = {isa = PBXFileReference; includeInIndex = 1; lastKnownFileType = text.xcconfig; name = "Pods-FocusUITests.release.xcconfig"; path = "Pods/Target Support Files/Pods-FocusUITests/Pods-FocusUITests.release.xcconfig"; sourceTree = "<group>"; };
		7C09C11E1D19A1E300BCC6C1 /* Focus-Bridging-Header.h */ = {isa = PBXFileReference; lastKnownFileType = sourcecode.c.h; path = "Focus-Bridging-Header.h"; sourceTree = "<group>"; };
		7C648F6F1D18669500F4120A /* Parse.framework */ = {isa = PBXFileReference; lastKnownFileType = wrapper.framework; name = Parse.framework; path = "Pods/../build/Debug-iphoneos/Parse/Parse.framework"; sourceTree = "<group>"; };
		7C648F731D1866F900F4120A /* Bolts.framework */ = {isa = PBXFileReference; lastKnownFileType = wrapper.framework; name = Bolts.framework; path = "Pods/../build/Debug-iphoneos/Bolts/Bolts.framework"; sourceTree = "<group>"; };
		83DD645F5EE16C54BEA05ACC /* Pods-FocusTests.debug.xcconfig */ = {isa = PBXFileReference; includeInIndex = 1; lastKnownFileType = text.xcconfig; name = "Pods-FocusTests.debug.xcconfig"; path = "Pods/Target Support Files/Pods-FocusTests/Pods-FocusTests.debug.xcconfig"; sourceTree = "<group>"; };
		85EB4AC246DCFBD82CC57BBF /* Pods-Focus.release.xcconfig */ = {isa = PBXFileReference; includeInIndex = 1; lastKnownFileType = text.xcconfig; name = "Pods-Focus.release.xcconfig"; path = "Pods/Target Support Files/Pods-Focus/Pods-Focus.release.xcconfig"; sourceTree = "<group>"; };
		BF0D118E4DAF0A5D420C0AEC /* Pods-FocusUITests.debug.xcconfig */ = {isa = PBXFileReference; includeInIndex = 1; lastKnownFileType = text.xcconfig; name = "Pods-FocusUITests.debug.xcconfig"; path = "Pods/Target Support Files/Pods-FocusUITests/Pods-FocusUITests.debug.xcconfig"; sourceTree = "<group>"; };
		C61DC6FCE25D7606C718190B /* Pods_Focus.framework */ = {isa = PBXFileReference; explicitFileType = wrapper.framework; includeInIndex = 0; path = Pods_Focus.framework; sourceTree = BUILT_PRODUCTS_DIR; };
		CDD2A52A445583115F1F74B7 /* Pods_FocusTests.framework */ = {isa = PBXFileReference; explicitFileType = wrapper.framework; includeInIndex = 0; path = Pods_FocusTests.framework; sourceTree = BUILT_PRODUCTS_DIR; };
		DF169E8AEC5FBC5AE1BBC904 /* Pods-Focus.debug.xcconfig */ = {isa = PBXFileReference; includeInIndex = 1; lastKnownFileType = text.xcconfig; name = "Pods-Focus.debug.xcconfig"; path = "Pods/Target Support Files/Pods-Focus/Pods-Focus.debug.xcconfig"; sourceTree = "<group>"; };
		F621E9504C8820C41E0D4772 /* Pods_FocusUITests.framework */ = {isa = PBXFileReference; explicitFileType = wrapper.framework; includeInIndex = 0; path = Pods_FocusUITests.framework; sourceTree = BUILT_PRODUCTS_DIR; };
/* End PBXFileReference section */

/* Begin PBXFrameworksBuildPhase section */
		50DF2C4E1D10D185008CFA94 /* Frameworks */ = {
			isa = PBXFrameworksBuildPhase;
			buildActionMask = 2147483647;
			files = (
				7C648F741D1866F900F4120A /* Bolts.framework in Frameworks */,
				B05E5DB7FDBBFBDDB627B59F /* Pods_Focus.framework in Frameworks */,
			);
			runOnlyForDeploymentPostprocessing = 0;
		};
		50DF2C621D10D185008CFA94 /* Frameworks */ = {
			isa = PBXFrameworksBuildPhase;
			buildActionMask = 2147483647;
			files = (
				3F5F943C80BADB415495D38B /* Pods_FocusTests.framework in Frameworks */,
			);
			runOnlyForDeploymentPostprocessing = 0;
		};
		50DF2C6D1D10D185008CFA94 /* Frameworks */ = {
			isa = PBXFrameworksBuildPhase;
			buildActionMask = 2147483647;
			files = (
				1DAE5459A1EF743C9F86F82F /* Pods_FocusUITests.framework in Frameworks */,
			);
			runOnlyForDeploymentPostprocessing = 0;
		};
/* End PBXFrameworksBuildPhase section */

/* Begin PBXGroup section */
		183694D8CC5E0D72322E1A0E /* Pods */ = {
			isa = PBXGroup;
			children = (
				DF169E8AEC5FBC5AE1BBC904 /* Pods-Focus.debug.xcconfig */,
				85EB4AC246DCFBD82CC57BBF /* Pods-Focus.release.xcconfig */,
				83DD645F5EE16C54BEA05ACC /* Pods-FocusTests.debug.xcconfig */,
				1FC4C0F44DB03B8E973C34B6 /* Pods-FocusTests.release.xcconfig */,
				BF0D118E4DAF0A5D420C0AEC /* Pods-FocusUITests.debug.xcconfig */,
				67DC47FCC058A7598212D5CE /* Pods-FocusUITests.release.xcconfig */,
			);
			name = Pods;
			sourceTree = "<group>";
		};
		50DF2C481D10D185008CFA94 = {
			isa = PBXGroup;
			children = (
				50DF2C531D10D185008CFA94 /* Focus */,
				50DF2C681D10D185008CFA94 /* FocusTests */,
				50DF2C731D10D185008CFA94 /* FocusUITests */,
				50DF2C521D10D185008CFA94 /* Products */,
				A3E7C75378FC12AF19832D16 /* Frameworks */,
				183694D8CC5E0D72322E1A0E /* Pods */,
				7C09C11E1D19A1E300BCC6C1 /* Focus-Bridging-Header.h */,
			);
			sourceTree = "<group>";
		};
		50DF2C521D10D185008CFA94 /* Products */ = {
			isa = PBXGroup;
			children = (
				50DF2C511D10D185008CFA94 /* Focus.app */,
				50DF2C651D10D185008CFA94 /* FocusTests.xctest */,
				50DF2C701D10D185008CFA94 /* FocusUITests.xctest */,
			);
			name = Products;
			sourceTree = "<group>";
		};
		50DF2C531D10D185008CFA94 /* Focus */ = {
			isa = PBXGroup;
			children = (
				50DF2C541D10D185008CFA94 /* AppDelegate.swift */,
				50DF2C561D10D185008CFA94 /* ViewController.swift */,
				50DF2C581D10D185008CFA94 /* Scott.storyboard */,
				50DF2C901D10D6D7008CFA94 /* Transitions */,
				50DF2C821D10D22D008CFA94 /* ScottDayViewController.swift */,
				50DF2C911D111B91008CFA94 /* Date.swift */,
				50DF2C5B1D10D185008CFA94 /* Assets.xcassets */,
				50DF2C5D1D10D185008CFA94 /* LaunchScreen.storyboard */,
				50F447D91D13A5420072916E /* Main.storyboard */,
				50F447DB1D13A5F20072916E /* DayViewController.swift */,
				50F447DD1D13A5F80072916E /* TasksViewController.swift */,
				50DF2C601D10D185008CFA94 /* Info.plist */,
			);
			path = Focus;
			sourceTree = "<group>";
		};
		50DF2C681D10D185008CFA94 /* FocusTests */ = {
			isa = PBXGroup;
			children = (
				50DF2C691D10D185008CFA94 /* FocusTests.swift */,
				50DF2C6B1D10D185008CFA94 /* Info.plist */,
			);
			path = FocusTests;
			sourceTree = "<group>";
		};
		50DF2C731D10D185008CFA94 /* FocusUITests */ = {
			isa = PBXGroup;
			children = (
				50DF2C741D10D185008CFA94 /* FocusUITests.swift */,
				50DF2C761D10D185008CFA94 /* Info.plist */,
			);
			path = FocusUITests;
			sourceTree = "<group>";
		};
		50DF2C901D10D6D7008CFA94 /* Transitions */ = {
			isa = PBXGroup;
			children = (
				50DF2C8C1D10D6CD008CFA94 /* BaseTransition.swift */,
				50DF2C8D1D10D6CD008CFA94 /* FadeTransition.swift */,
			);
			name = Transitions;
			sourceTree = "<group>";
		};
		A3E7C75378FC12AF19832D16 /* Frameworks */ = {
			isa = PBXGroup;
			children = (
				7C648F731D1866F900F4120A /* Bolts.framework */,
				7C648F6F1D18669500F4120A /* Parse.framework */,
				CDD2A52A445583115F1F74B7 /* Pods_FocusTests.framework */,
				F621E9504C8820C41E0D4772 /* Pods_FocusUITests.framework */,
				C61DC6FCE25D7606C718190B /* Pods_Focus.framework */,
			);
			name = Frameworks;
			sourceTree = "<group>";
		};
/* End PBXGroup section */

/* Begin PBXNativeTarget section */
		50DF2C501D10D185008CFA94 /* Focus */ = {
			isa = PBXNativeTarget;
			buildConfigurationList = 50DF2C791D10D185008CFA94 /* Build configuration list for PBXNativeTarget "Focus" */;
			buildPhases = (
				0D5152F66705D530D1ADBE37 /* [CP] Check Pods Manifest.lock */,
				50DF2C4D1D10D185008CFA94 /* Sources */,
				50DF2C4E1D10D185008CFA94 /* Frameworks */,
				50DF2C4F1D10D185008CFA94 /* Resources */,
				203FA43893577CDE1C6B940D /* [CP] Embed Pods Frameworks */,
				EDCB0718C9124E6BCA05EC46 /* [CP] Copy Pods Resources */,
			);
			buildRules = (
			);
			dependencies = (
			);
			name = Focus;
			productName = Focus;
			productReference = 50DF2C511D10D185008CFA94 /* Focus.app */;
			productType = "com.apple.product-type.application";
		};
		50DF2C641D10D185008CFA94 /* FocusTests */ = {
			isa = PBXNativeTarget;
			buildConfigurationList = 50DF2C7C1D10D185008CFA94 /* Build configuration list for PBXNativeTarget "FocusTests" */;
			buildPhases = (
				7F49627C526D581BB3B30DE6 /* [CP] Check Pods Manifest.lock */,
				50DF2C611D10D185008CFA94 /* Sources */,
				50DF2C621D10D185008CFA94 /* Frameworks */,
				50DF2C631D10D185008CFA94 /* Resources */,
				1D139BEF652CADC447B6B578 /* [CP] Embed Pods Frameworks */,
				EB754D9B2509D96D622B399D /* [CP] Copy Pods Resources */,
			);
			buildRules = (
			);
			dependencies = (
				50DF2C671D10D185008CFA94 /* PBXTargetDependency */,
			);
			name = FocusTests;
			productName = FocusTests;
			productReference = 50DF2C651D10D185008CFA94 /* FocusTests.xctest */;
			productType = "com.apple.product-type.bundle.unit-test";
		};
		50DF2C6F1D10D185008CFA94 /* FocusUITests */ = {
			isa = PBXNativeTarget;
			buildConfigurationList = 50DF2C7F1D10D185008CFA94 /* Build configuration list for PBXNativeTarget "FocusUITests" */;
			buildPhases = (
				83EF781789C58C53D07E603E /* [CP] Check Pods Manifest.lock */,
				50DF2C6C1D10D185008CFA94 /* Sources */,
				50DF2C6D1D10D185008CFA94 /* Frameworks */,
				50DF2C6E1D10D185008CFA94 /* Resources */,
				BDCACB3C706310996D0A7BFB /* [CP] Copy Pods Resources */,
			);
			buildRules = (
			);
			dependencies = (
				50DF2C721D10D185008CFA94 /* PBXTargetDependency */,
			);
			name = FocusUITests;
			productName = FocusUITests;
			productReference = 50DF2C701D10D185008CFA94 /* FocusUITests.xctest */;
			productType = "com.apple.product-type.bundle.ui-testing";
		};
/* End PBXNativeTarget section */

/* Begin PBXProject section */
		50DF2C491D10D185008CFA94 /* Project object */ = {
			isa = PBXProject;
			attributes = {
				LastSwiftUpdateCheck = 0730;
				LastUpgradeCheck = 0730;
				ORGANIZATIONNAME = "Scott Horsfall";
				TargetAttributes = {
					50DF2C501D10D185008CFA94 = {
						CreatedOnToolsVersion = 7.3.1;
						DevelopmentTeam = G87E8LB62W;
					};
					50DF2C641D10D185008CFA94 = {
						CreatedOnToolsVersion = 7.3.1;
						TestTargetID = 50DF2C501D10D185008CFA94;
					};
					50DF2C6F1D10D185008CFA94 = {
						CreatedOnToolsVersion = 7.3.1;
						TestTargetID = 50DF2C501D10D185008CFA94;
					};
				};
			};
			buildConfigurationList = 50DF2C4C1D10D185008CFA94 /* Build configuration list for PBXProject "Focus" */;
			compatibilityVersion = "Xcode 3.2";
			developmentRegion = English;
			hasScannedForEncodings = 0;
			knownRegions = (
				en,
				Base,
			);
			mainGroup = 50DF2C481D10D185008CFA94;
			productRefGroup = 50DF2C521D10D185008CFA94 /* Products */;
			projectDirPath = "";
			projectRoot = "";
			targets = (
				50DF2C501D10D185008CFA94 /* Focus */,
				50DF2C641D10D185008CFA94 /* FocusTests */,
				50DF2C6F1D10D185008CFA94 /* FocusUITests */,
			);
		};
/* End PBXProject section */

/* Begin PBXResourcesBuildPhase section */
		50DF2C4F1D10D185008CFA94 /* Resources */ = {
			isa = PBXResourcesBuildPhase;
			buildActionMask = 2147483647;
			files = (
				50DF2C5F1D10D185008CFA94 /* LaunchScreen.storyboard in Resources */,
				50F447DA1D13A5420072916E /* Main.storyboard in Resources */,
				50DF2C5C1D10D185008CFA94 /* Assets.xcassets in Resources */,
				50DF2C5A1D10D185008CFA94 /* Scott.storyboard in Resources */,
			);
			runOnlyForDeploymentPostprocessing = 0;
		};
		50DF2C631D10D185008CFA94 /* Resources */ = {
			isa = PBXResourcesBuildPhase;
			buildActionMask = 2147483647;
			files = (
			);
			runOnlyForDeploymentPostprocessing = 0;
		};
		50DF2C6E1D10D185008CFA94 /* Resources */ = {
			isa = PBXResourcesBuildPhase;
			buildActionMask = 2147483647;
			files = (
			);
			runOnlyForDeploymentPostprocessing = 0;
		};
/* End PBXResourcesBuildPhase section */

/* Begin PBXShellScriptBuildPhase section */
		0D5152F66705D530D1ADBE37 /* [CP] Check Pods Manifest.lock */ = {
			isa = PBXShellScriptBuildPhase;
			buildActionMask = 2147483647;
			files = (
			);
			inputPaths = (
			);
			name = "[CP] Check Pods Manifest.lock";
			outputPaths = (
			);
			runOnlyForDeploymentPostprocessing = 0;
			shellPath = /bin/sh;
			shellScript = "diff \"${PODS_ROOT}/../Podfile.lock\" \"${PODS_ROOT}/Manifest.lock\" > /dev/null\nif [[ $? != 0 ]] ; then\n    cat << EOM\nerror: The sandbox is not in sync with the Podfile.lock. Run 'pod install' or update your CocoaPods installation.\nEOM\n    exit 1\nfi\n";
			showEnvVarsInLog = 0;
		};
		1D139BEF652CADC447B6B578 /* [CP] Embed Pods Frameworks */ = {
			isa = PBXShellScriptBuildPhase;
			buildActionMask = 2147483647;
			files = (
			);
			inputPaths = (
			);
			name = "[CP] Embed Pods Frameworks";
			outputPaths = (
			);
			runOnlyForDeploymentPostprocessing = 0;
			shellPath = /bin/sh;
			shellScript = "\"${SRCROOT}/Pods/Target Support Files/Pods-FocusTests/Pods-FocusTests-frameworks.sh\"\n";
			showEnvVarsInLog = 0;
		};
		203FA43893577CDE1C6B940D /* [CP] Embed Pods Frameworks */ = {
			isa = PBXShellScriptBuildPhase;
			buildActionMask = 2147483647;
			files = (
			);
			inputPaths = (
			);
			name = "[CP] Embed Pods Frameworks";
			outputPaths = (
			);
			runOnlyForDeploymentPostprocessing = 0;
			shellPath = /bin/sh;
			shellScript = "\"${SRCROOT}/Pods/Target Support Files/Pods-Focus/Pods-Focus-frameworks.sh\"\n";
			showEnvVarsInLog = 0;
		};
		7F49627C526D581BB3B30DE6 /* [CP] Check Pods Manifest.lock */ = {
			isa = PBXShellScriptBuildPhase;
			buildActionMask = 2147483647;
			files = (
			);
			inputPaths = (
			);
			name = "[CP] Check Pods Manifest.lock";
			outputPaths = (
			);
			runOnlyForDeploymentPostprocessing = 0;
			shellPath = /bin/sh;
			shellScript = "diff \"${PODS_ROOT}/../Podfile.lock\" \"${PODS_ROOT}/Manifest.lock\" > /dev/null\nif [[ $? != 0 ]] ; then\n    cat << EOM\nerror: The sandbox is not in sync with the Podfile.lock. Run 'pod install' or update your CocoaPods installation.\nEOM\n    exit 1\nfi\n";
			showEnvVarsInLog = 0;
		};
		83EF781789C58C53D07E603E /* [CP] Check Pods Manifest.lock */ = {
			isa = PBXShellScriptBuildPhase;
			buildActionMask = 2147483647;
			files = (
			);
			inputPaths = (
			);
			name = "[CP] Check Pods Manifest.lock";
			outputPaths = (
			);
			runOnlyForDeploymentPostprocessing = 0;
			shellPath = /bin/sh;
			shellScript = "diff \"${PODS_ROOT}/../Podfile.lock\" \"${PODS_ROOT}/Manifest.lock\" > /dev/null\nif [[ $? != 0 ]] ; then\n    cat << EOM\nerror: The sandbox is not in sync with the Podfile.lock. Run 'pod install' or update your CocoaPods installation.\nEOM\n    exit 1\nfi\n";
			showEnvVarsInLog = 0;
		};
		BDCACB3C706310996D0A7BFB /* [CP] Copy Pods Resources */ = {
			isa = PBXShellScriptBuildPhase;
			buildActionMask = 2147483647;
			files = (
			);
			inputPaths = (
			);
			name = "[CP] Copy Pods Resources";
			outputPaths = (
			);
			runOnlyForDeploymentPostprocessing = 0;
			shellPath = /bin/sh;
			shellScript = "\"${SRCROOT}/Pods/Target Support Files/Pods-FocusUITests/Pods-FocusUITests-resources.sh\"\n";
			showEnvVarsInLog = 0;
		};
		EB754D9B2509D96D622B399D /* [CP] Copy Pods Resources */ = {
			isa = PBXShellScriptBuildPhase;
			buildActionMask = 2147483647;
			files = (
			);
			inputPaths = (
			);
			name = "[CP] Copy Pods Resources";
			outputPaths = (
			);
			runOnlyForDeploymentPostprocessing = 0;
			shellPath = /bin/sh;
			shellScript = "\"${SRCROOT}/Pods/Target Support Files/Pods-FocusTests/Pods-FocusTests-resources.sh\"\n";
			showEnvVarsInLog = 0;
		};
		EDCB0718C9124E6BCA05EC46 /* [CP] Copy Pods Resources */ = {
			isa = PBXShellScriptBuildPhase;
			buildActionMask = 2147483647;
			files = (
			);
			inputPaths = (
			);
			name = "[CP] Copy Pods Resources";
			outputPaths = (
			);
			runOnlyForDeploymentPostprocessing = 0;
			shellPath = /bin/sh;
			shellScript = "\"${SRCROOT}/Pods/Target Support Files/Pods-Focus/Pods-Focus-resources.sh\"\n";
			showEnvVarsInLog = 0;
		};
/* End PBXShellScriptBuildPhase section */

/* Begin PBXSourcesBuildPhase section */
		50DF2C4D1D10D185008CFA94 /* Sources */ = {
			isa = PBXSourcesBuildPhase;
			buildActionMask = 2147483647;
			files = (
				50DF2C571D10D185008CFA94 /* ViewController.swift in Sources */,
				50F447DE1D13A5F80072916E /* TasksViewController.swift in Sources */,
				50DF2C921D111B91008CFA94 /* Date.swift in Sources */,
				50DF2C8F1D10D6CD008CFA94 /* FadeTransition.swift in Sources */,
				50DF2C551D10D185008CFA94 /* AppDelegate.swift in Sources */,
				50DF2C831D10D22D008CFA94 /* ScottDayViewController.swift in Sources */,
				50F447DC1D13A5F20072916E /* DayViewController.swift in Sources */,
				50DF2C8E1D10D6CD008CFA94 /* BaseTransition.swift in Sources */,
			);
			runOnlyForDeploymentPostprocessing = 0;
		};
		50DF2C611D10D185008CFA94 /* Sources */ = {
			isa = PBXSourcesBuildPhase;
			buildActionMask = 2147483647;
			files = (
				50DF2C6A1D10D185008CFA94 /* FocusTests.swift in Sources */,
			);
			runOnlyForDeploymentPostprocessing = 0;
		};
		50DF2C6C1D10D185008CFA94 /* Sources */ = {
			isa = PBXSourcesBuildPhase;
			buildActionMask = 2147483647;
			files = (
				50DF2C751D10D185008CFA94 /* FocusUITests.swift in Sources */,
			);
			runOnlyForDeploymentPostprocessing = 0;
		};
/* End PBXSourcesBuildPhase section */

/* Begin PBXTargetDependency section */
		50DF2C671D10D185008CFA94 /* PBXTargetDependency */ = {
			isa = PBXTargetDependency;
			target = 50DF2C501D10D185008CFA94 /* Focus */;
			targetProxy = 50DF2C661D10D185008CFA94 /* PBXContainerItemProxy */;
		};
		50DF2C721D10D185008CFA94 /* PBXTargetDependency */ = {
			isa = PBXTargetDependency;
			target = 50DF2C501D10D185008CFA94 /* Focus */;
			targetProxy = 50DF2C711D10D185008CFA94 /* PBXContainerItemProxy */;
		};
/* End PBXTargetDependency section */

/* Begin PBXVariantGroup section */
		50DF2C581D10D185008CFA94 /* Scott.storyboard */ = {
			isa = PBXVariantGroup;
			children = (
				50DF2C591D10D185008CFA94 /* Base */,
			);
			name = Scott.storyboard;
			sourceTree = "<group>";
		};
		50DF2C5D1D10D185008CFA94 /* LaunchScreen.storyboard */ = {
			isa = PBXVariantGroup;
			children = (
				50DF2C5E1D10D185008CFA94 /* Base */,
			);
			name = LaunchScreen.storyboard;
			sourceTree = "<group>";
		};
/* End PBXVariantGroup section */

/* Begin XCBuildConfiguration section */
		50DF2C771D10D185008CFA94 /* Debug */ = {
			isa = XCBuildConfiguration;
			buildSettings = {
				ALWAYS_SEARCH_USER_PATHS = NO;
				CLANG_ANALYZER_NONNULL = YES;
				CLANG_CXX_LANGUAGE_STANDARD = "gnu++0x";
				CLANG_CXX_LIBRARY = "libc++";
				CLANG_ENABLE_MODULES = YES;
				CLANG_ENABLE_OBJC_ARC = YES;
				CLANG_WARN_BOOL_CONVERSION = YES;
				CLANG_WARN_CONSTANT_CONVERSION = YES;
				CLANG_WARN_DIRECT_OBJC_ISA_USAGE = YES_ERROR;
				CLANG_WARN_EMPTY_BODY = YES;
				CLANG_WARN_ENUM_CONVERSION = YES;
				CLANG_WARN_INT_CONVERSION = YES;
				CLANG_WARN_OBJC_ROOT_CLASS = YES_ERROR;
				CLANG_WARN_UNREACHABLE_CODE = YES;
				CLANG_WARN__DUPLICATE_METHOD_MATCH = YES;
				"CODE_SIGN_IDENTITY[sdk=iphoneos*]" = "iPhone Developer";
				COPY_PHASE_STRIP = NO;
				DEBUG_INFORMATION_FORMAT = dwarf;
				ENABLE_STRICT_OBJC_MSGSEND = YES;
				ENABLE_TESTABILITY = YES;
				GCC_C_LANGUAGE_STANDARD = gnu99;
				GCC_DYNAMIC_NO_PIC = NO;
				GCC_NO_COMMON_BLOCKS = YES;
				GCC_OPTIMIZATION_LEVEL = 0;
				GCC_PREPROCESSOR_DEFINITIONS = (
					"DEBUG=1",
					"$(inherited)",
				);
				GCC_WARN_64_TO_32_BIT_CONVERSION = YES;
				GCC_WARN_ABOUT_RETURN_TYPE = YES_ERROR;
				GCC_WARN_UNDECLARED_SELECTOR = YES;
				GCC_WARN_UNINITIALIZED_AUTOS = YES_AGGRESSIVE;
				GCC_WARN_UNUSED_FUNCTION = YES;
				GCC_WARN_UNUSED_VARIABLE = YES;
				IPHONEOS_DEPLOYMENT_TARGET = 9.3;
				MTL_ENABLE_DEBUG_INFO = YES;
				ONLY_ACTIVE_ARCH = YES;
				SDKROOT = iphoneos;
				SWIFT_OPTIMIZATION_LEVEL = "-Onone";
			};
			name = Debug;
		};
		50DF2C781D10D185008CFA94 /* Release */ = {
			isa = XCBuildConfiguration;
			buildSettings = {
				ALWAYS_SEARCH_USER_PATHS = NO;
				CLANG_ANALYZER_NONNULL = YES;
				CLANG_CXX_LANGUAGE_STANDARD = "gnu++0x";
				CLANG_CXX_LIBRARY = "libc++";
				CLANG_ENABLE_MODULES = YES;
				CLANG_ENABLE_OBJC_ARC = YES;
				CLANG_WARN_BOOL_CONVERSION = YES;
				CLANG_WARN_CONSTANT_CONVERSION = YES;
				CLANG_WARN_DIRECT_OBJC_ISA_USAGE = YES_ERROR;
				CLANG_WARN_EMPTY_BODY = YES;
				CLANG_WARN_ENUM_CONVERSION = YES;
				CLANG_WARN_INT_CONVERSION = YES;
				CLANG_WARN_OBJC_ROOT_CLASS = YES_ERROR;
				CLANG_WARN_UNREACHABLE_CODE = YES;
				CLANG_WARN__DUPLICATE_METHOD_MATCH = YES;
				"CODE_SIGN_IDENTITY[sdk=iphoneos*]" = "iPhone Developer";
				COPY_PHASE_STRIP = NO;
				DEBUG_INFORMATION_FORMAT = "dwarf-with-dsym";
				ENABLE_NS_ASSERTIONS = NO;
				ENABLE_STRICT_OBJC_MSGSEND = YES;
				GCC_C_LANGUAGE_STANDARD = gnu99;
				GCC_NO_COMMON_BLOCKS = YES;
				GCC_WARN_64_TO_32_BIT_CONVERSION = YES;
				GCC_WARN_ABOUT_RETURN_TYPE = YES_ERROR;
				GCC_WARN_UNDECLARED_SELECTOR = YES;
				GCC_WARN_UNINITIALIZED_AUTOS = YES_AGGRESSIVE;
				GCC_WARN_UNUSED_FUNCTION = YES;
				GCC_WARN_UNUSED_VARIABLE = YES;
				IPHONEOS_DEPLOYMENT_TARGET = 9.3;
				MTL_ENABLE_DEBUG_INFO = NO;
				SDKROOT = iphoneos;
				VALIDATE_PRODUCT = YES;
			};
			name = Release;
		};
		50DF2C7A1D10D185008CFA94 /* Debug */ = {
			isa = XCBuildConfiguration;
			baseConfigurationReference = DF169E8AEC5FBC5AE1BBC904 /* Pods-Focus.debug.xcconfig */;
			buildSettings = {
				ASSETCATALOG_COMPILER_APPICON_NAME = AppIcon;
				CLANG_ENABLE_MODULES = YES;
				CODE_SIGN_IDENTITY = "iPhone Developer";
				"CODE_SIGN_IDENTITY[sdk=iphoneos*]" = "iPhone Developer";
				FRAMEWORK_SEARCH_PATHS = (
					"$(inherited)",
					"$(PROJECT_DIR)/build/Debug-iphoneos/Parse",
					"$(PROJECT_DIR)/build/Debug-iphoneos/Bolts",
					"$(PROJECT_DIR)/build/Debug",
					"$(PROJECT_DIR)/build/Debug-iphoneos",
					"$(PROJECT_DIR)/**",
				);
				INFOPLIST_FILE = Focus/Info.plist;
				IPHONEOS_DEPLOYMENT_TARGET = 9.3;
				LD_RUNPATH_SEARCH_PATHS = "$(inherited) @executable_path/Frameworks";
				PRODUCT_BUNDLE_IDENTIFIER = com.scotthorsfall.Focus;
				PRODUCT_NAME = "$(TARGET_NAME)";
				PROVISIONING_PROFILE = "";
				SWIFT_OBJC_BRIDGING_HEADER = "Focus-Bridging-Header.h";
				SWIFT_OPTIMIZATION_LEVEL = "-Onone";
			};
			name = Debug;
		};
		50DF2C7B1D10D185008CFA94 /* Release */ = {
			isa = XCBuildConfiguration;
			baseConfigurationReference = 85EB4AC246DCFBD82CC57BBF /* Pods-Focus.release.xcconfig */;
			buildSettings = {
				ASSETCATALOG_COMPILER_APPICON_NAME = AppIcon;
				CLANG_ENABLE_MODULES = YES;
				CODE_SIGN_IDENTITY = "iPhone Developer";
				"CODE_SIGN_IDENTITY[sdk=iphoneos*]" = "iPhone Developer";
				FRAMEWORK_SEARCH_PATHS = (
					"$(inherited)",
					"$(PROJECT_DIR)/build/Debug-iphoneos/Parse",
					"$(PROJECT_DIR)/build/Debug-iphoneos/Bolts",
					"$(PROJECT_DIR)/build/Debug",
					"$(PROJECT_DIR)/build/Debug-iphoneos",
					"$(PROJECT_DIR)/**",
				);
				INFOPLIST_FILE = Focus/Info.plist;
				IPHONEOS_DEPLOYMENT_TARGET = 9.3;
				LD_RUNPATH_SEARCH_PATHS = "$(inherited) @executable_path/Frameworks";
				PRODUCT_BUNDLE_IDENTIFIER = com.scotthorsfall.Focus;
				PRODUCT_NAME = "$(TARGET_NAME)";
				PROVISIONING_PROFILE = "";
				SWIFT_OBJC_BRIDGING_HEADER = "Focus-Bridging-Header.h";
			};
			name = Release;
		};
		50DF2C7D1D10D185008CFA94 /* Debug */ = {
			isa = XCBuildConfiguration;
			baseConfigurationReference = 83DD645F5EE16C54BEA05ACC /* Pods-FocusTests.debug.xcconfig */;
			buildSettings = {
				BUNDLE_LOADER = "$(TEST_HOST)";
				INFOPLIST_FILE = FocusTests/Info.plist;
				LD_RUNPATH_SEARCH_PATHS = "$(inherited) @executable_path/Frameworks @loader_path/Frameworks";
				PRODUCT_BUNDLE_IDENTIFIER = com.scotthorsfall.FocusTests;
				PRODUCT_NAME = "$(TARGET_NAME)";
				TEST_HOST = "$(BUILT_PRODUCTS_DIR)/Focus.app/Focus";
			};
			name = Debug;
		};
		50DF2C7E1D10D185008CFA94 /* Release */ = {
			isa = XCBuildConfiguration;
			baseConfigurationReference = 1FC4C0F44DB03B8E973C34B6 /* Pods-FocusTests.release.xcconfig */;
			buildSettings = {
				BUNDLE_LOADER = "$(TEST_HOST)";
				INFOPLIST_FILE = FocusTests/Info.plist;
				LD_RUNPATH_SEARCH_PATHS = "$(inherited) @executable_path/Frameworks @loader_path/Frameworks";
				PRODUCT_BUNDLE_IDENTIFIER = com.scotthorsfall.FocusTests;
				PRODUCT_NAME = "$(TARGET_NAME)";
				TEST_HOST = "$(BUILT_PRODUCTS_DIR)/Focus.app/Focus";
			};
			name = Release;
		};
		50DF2C801D10D185008CFA94 /* Debug */ = {
			isa = XCBuildConfiguration;
			baseConfigurationReference = BF0D118E4DAF0A5D420C0AEC /* Pods-FocusUITests.debug.xcconfig */;
			buildSettings = {
				INFOPLIST_FILE = FocusUITests/Info.plist;
				LD_RUNPATH_SEARCH_PATHS = "$(inherited) @executable_path/Frameworks @loader_path/Frameworks";
				PRODUCT_BUNDLE_IDENTIFIER = com.scotthorsfall.FocusUITests;
				PRODUCT_NAME = "$(TARGET_NAME)";
				TEST_TARGET_NAME = Focus;
			};
			name = Debug;
		};
		50DF2C811D10D185008CFA94 /* Release */ = {
			isa = XCBuildConfiguration;
			baseConfigurationReference = 67DC47FCC058A7598212D5CE /* Pods-FocusUITests.release.xcconfig */;
			buildSettings = {
				INFOPLIST_FILE = FocusUITests/Info.plist;
				LD_RUNPATH_SEARCH_PATHS = "$(inherited) @executable_path/Frameworks @loader_path/Frameworks";
				PRODUCT_BUNDLE_IDENTIFIER = com.scotthorsfall.FocusUITests;
				PRODUCT_NAME = "$(TARGET_NAME)";
				TEST_TARGET_NAME = Focus;
			};
			name = Release;
		};
/* End XCBuildConfiguration section */

/* Begin XCConfigurationList section */
		50DF2C4C1D10D185008CFA94 /* Build configuration list for PBXProject "Focus" */ = {
			isa = XCConfigurationList;
			buildConfigurations = (
				50DF2C771D10D185008CFA94 /* Debug */,
				50DF2C781D10D185008CFA94 /* Release */,
			);
			defaultConfigurationIsVisible = 0;
			defaultConfigurationName = Release;
		};
		50DF2C791D10D185008CFA94 /* Build configuration list for PBXNativeTarget "Focus" */ = {
			isa = XCConfigurationList;
			buildConfigurations = (
				50DF2C7A1D10D185008CFA94 /* Debug */,
				50DF2C7B1D10D185008CFA94 /* Release */,
			);
			defaultConfigurationIsVisible = 0;
			defaultConfigurationName = Release;
		};
		50DF2C7C1D10D185008CFA94 /* Build configuration list for PBXNativeTarget "FocusTests" */ = {
			isa = XCConfigurationList;
			buildConfigurations = (
				50DF2C7D1D10D185008CFA94 /* Debug */,
				50DF2C7E1D10D185008CFA94 /* Release */,
			);
			defaultConfigurationIsVisible = 0;
			defaultConfigurationName = Release;
		};
		50DF2C7F1D10D185008CFA94 /* Build configuration list for PBXNativeTarget "FocusUITests" */ = {
			isa = XCConfigurationList;
			buildConfigurations = (
				50DF2C801D10D185008CFA94 /* Debug */,
				50DF2C811D10D185008CFA94 /* Release */,
			);
			defaultConfigurationIsVisible = 0;
			defaultConfigurationName = Release;
		};
/* End XCConfigurationList section */
	};
	rootObject = 50DF2C491D10D185008CFA94 /* Project object */;
}
